
Microsoft Visual Studio Solution File, Format Version 12.00
# Visual Studio Version 16
VisualStudioVersion = 16.0.29911.84
MinimumVisualStudioVersion = 10.0.40219.1
Project("{9A19103F-16F7-4668-BE54-9A1E7A4F7556}") = "Trashee", "Trashee\Trashee.csproj", "{C2BD3317-2677-4910-BF27-AC84EFA814C1}"
EndProject
Global
	GlobalSection(SolutionConfigurationPlatforms) = preSolution
		Debug|Any CPU = Debug|Any CPU
		Release|Any CPU = Release|Any CPU
	EndGlobalSection
	GlobalSection(ProjectConfigurationPlatforms) = postSolution
		{C2BD3317-2677-4910-BF27-AC84EFA814C1}.Debug|Any CPU.ActiveCfg = Debug|Any CPU
		{C2BD3317-2677-4910-BF27-AC84EFA814C1}.Debug|Any CPU.Build.0 = Debug|Any CPU
		{C2BD3317-2677-4910-BF27-AC84EFA814C1}.Release|Any CPU.ActiveCfg = Release|Any CPU
		{C2BD3317-2677-4910-BF27-AC84EFA814C1}.Release|Any CPU.Build.0 = Release|Any CPU
	EndGlobalSection
	GlobalSection(SolutionProperties) = preSolution
		HideSolutionNode = FALSE
	EndGlobalSection
	GlobalSection(ExtensibilityGlobals) = postSolution
		SolutionGuid = {56B7AC9E-6784-4CD3-BDD6-DE6F7CA55E6B}
	EndGlobalSection
EndGlobal
